
Microsoft Visual Studio Solution File, Format Version 12.00
# Visual Studio Version 16
VisualStudioVersion = 16.0.30114.105
MinimumVisualStudioVersion = 10.0.40219.1
Project("{FAE04EC0-301F-11D3-BF4B-00C04F79EFBC}") = "API", "API\API.csproj", "{0B5B19AD-89F8-413E-99EA-B6ED1F01952E}"
EndProject
Project("{FAE04EC0-301F-11D3-BF4B-00C04F79EFBC}") = "Core", "Core\Core.csproj", "{39464BD6-7A7E-4279-B636-111BBB88F87E}"
EndProject
Project("{FAE04EC0-301F-11D3-BF4B-00C04F79EFBC}") = "Infrastructure", "Infrastructure\Infrastructure.csproj", "{5250EA0F-FE6B-42AB-8668-253CACAFCD54}"
EndProject
Global
	GlobalSection(SolutionConfigurationPlatforms) = preSolution
		Debug|Any CPU = Debug|Any CPU
		Debug|x64 = Debug|x64
		Debug|x86 = Debug|x86
		Release|Any CPU = Release|Any CPU
		Release|x64 = Release|x64
		Release|x86 = Release|x86
	EndGlobalSection
	GlobalSection(SolutionProperties) = preSolution
		HideSolutionNode = FALSE
	EndGlobalSection
	GlobalSection(ProjectConfigurationPlatforms) = postSolution
		{0B5B19AD-89F8-413E-99EA-B6ED1F01952E}.Debug|Any CPU.ActiveCfg = Debug|Any CPU
		{0B5B19AD-89F8-413E-99EA-B6ED1F01952E}.Debug|Any CPU.Build.0 = Debug|Any CPU
		{0B5B19AD-89F8-413E-99EA-B6ED1F01952E}.Debug|x64.ActiveCfg = Debug|Any CPU
		{0B5B19AD-89F8-413E-99EA-B6ED1F01952E}.Debug|x64.Build.0 = Debug|Any CPU
		{0B5B19AD-89F8-413E-99EA-B6ED1F01952E}.Debug|x86.ActiveCfg = Debug|Any CPU
		{0B5B19AD-89F8-413E-99EA-B6ED1F01952E}.Debug|x86.Build.0 = Debug|Any CPU
		{0B5B19AD-89F8-413E-99EA-B6ED1F01952E}.Release|Any CPU.ActiveCfg = Release|Any CPU
		{0B5B19AD-89F8-413E-99EA-B6ED1F01952E}.Release|Any CPU.Build.0 = Release|Any CPU
		{0B5B19AD-89F8-413E-99EA-B6ED1F01952E}.Release|x64.ActiveCfg = Release|Any CPU
		{0B5B19AD-89F8-413E-99EA-B6ED1F01952E}.Release|x64.Build.0 = Release|Any CPU
		{0B5B19AD-89F8-413E-99EA-B6ED1F01952E}.Release|x86.ActiveCfg = Release|Any CPU
		{0B5B19AD-89F8-413E-99EA-B6ED1F01952E}.Release|x86.Build.0 = Release|Any CPU
		{39464BD6-7A7E-4279-B636-111BBB88F87E}.Debug|Any CPU.ActiveCfg = Debug|Any CPU
		{39464BD6-7A7E-4279-B636-111BBB88F87E}.Debug|Any CPU.Build.0 = Debug|Any CPU
		{39464BD6-7A7E-4279-B636-111BBB88F87E}.Debug|x64.ActiveCfg = Debug|Any CPU
		{39464BD6-7A7E-4279-B636-111BBB88F87E}.Debug|x64.Build.0 = Debug|Any CPU
		{39464BD6-7A7E-4279-B636-111BBB88F87E}.Debug|x86.ActiveCfg = Debug|Any CPU
		{39464BD6-7A7E-4279-B636-111BBB88F87E}.Debug|x86.Build.0 = Debug|Any CPU
		{39464BD6-7A7E-4279-B636-111BBB88F87E}.Release|Any CPU.ActiveCfg = Release|Any CPU
		{39464BD6-7A7E-4279-B636-111BBB88F87E}.Release|Any CPU.Build.0 = Release|Any CPU
		{39464BD6-7A7E-4279-B636-111BBB88F87E}.Release|x64.ActiveCfg = Release|Any CPU
		{39464BD6-7A7E-4279-B636-111BBB88F87E}.Release|x64.Build.0 = Release|Any CPU
		{39464BD6-7A7E-4279-B636-111BBB88F87E}.Release|x86.ActiveCfg = Release|Any CPU
		{39464BD6-7A7E-4279-B636-111BBB88F87E}.Release|x86.Build.0 = Release|Any CPU
		{5250EA0F-FE6B-42AB-8668-253CACAFCD54}.Debug|Any CPU.ActiveCfg = Debug|Any CPU
		{5250EA0F-FE6B-42AB-8668-253CACAFCD54}.Debug|Any CPU.Build.0 = Debug|Any CPU
		{5250EA0F-FE6B-42AB-8668-253CACAFCD54}.Debug|x64.ActiveCfg = Debug|Any CPU
		{5250EA0F-FE6B-42AB-8668-253CACAFCD54}.Debug|x64.Build.0 = Debug|Any CPU
		{5250EA0F-FE6B-42AB-8668-253CACAFCD54}.Debug|x86.ActiveCfg = Debug|Any CPU
		{5250EA0F-FE6B-42AB-8668-253CACAFCD54}.Debug|x86.Build.0 = Debug|Any CPU
		{5250EA0F-FE6B-42AB-8668-253CACAFCD54}.Release|Any CPU.ActiveCfg = Release|Any CPU
		{5250EA0F-FE6B-42AB-8668-253CACAFCD54}.Release|Any CPU.Build.0 = Release|Any CPU
		{5250EA0F-FE6B-42AB-8668-253CACAFCD54}.Release|x64.ActiveCfg = Release|Any CPU
		{5250EA0F-FE6B-42AB-8668-253CACAFCD54}.Release|x64.Build.0 = Release|Any CPU
		{5250EA0F-FE6B-42AB-8668-253CACAFCD54}.Release|x86.ActiveCfg = Release|Any CPU
		{5250EA0F-FE6B-42AB-8668-253CACAFCD54}.Release|x86.Build.0 = Release|Any CPU
	EndGlobalSection
EndGlobal
